
Microsoft Visual Studio Solution File, Format Version 12.00
# Visual Studio Version 16
VisualStudioVersion = 16.0.30225.117
MinimumVisualStudioVersion = 10.0.40219.1
Project("{FAE04EC0-301F-11D3-BF4B-00C04F79EFBC}") = "ConwaysGameOfLife", "ConwaysGameOfLife\ConwaysGameOfLife.csproj", "{18BA5768-4353-4720-9DC4-15868520428F}"
EndProject
Project("{FAE04EC0-301F-11D3-BF4B-00C04F79EFBC}") = "Tests", "Tests\Tests.csproj", "{C0D946F6-3BDA-40BC-AE7F-B88A6745F822}"
EndProject
Project("{2150E333-8FDC-42A3-9474-1A3956D46DE8}") = "Solution Items", "Solution Items", "{5881952D-DBD9-430A-A7D7-805DBD93C8E7}"
	ProjectSection(SolutionItems) = preProject
		Examples\1.png = Examples\1.png
		Examples\2.png = Examples\2.png
		Examples\3.png = Examples\3.png
		README.md = README.md
	EndProjectSection
EndProject
Global
	GlobalSection(SolutionConfigurationPlatforms) = preSolution
		Debug|Any CPU = Debug|Any CPU
		Release|Any CPU = Release|Any CPU
	EndGlobalSection
	GlobalSection(ProjectConfigurationPlatforms) = postSolution
		{18BA5768-4353-4720-9DC4-15868520428F}.Debug|Any CPU.ActiveCfg = Debug|Any CPU
		{18BA5768-4353-4720-9DC4-15868520428F}.Debug|Any CPU.Build.0 = Debug|Any CPU
		{18BA5768-4353-4720-9DC4-15868520428F}.Release|Any CPU.ActiveCfg = Release|Any CPU
		{18BA5768-4353-4720-9DC4-15868520428F}.Release|Any CPU.Build.0 = Release|Any CPU
		{C0D946F6-3BDA-40BC-AE7F-B88A6745F822}.Debug|Any CPU.ActiveCfg = Debug|Any CPU
		{C0D946F6-3BDA-40BC-AE7F-B88A6745F822}.Debug|Any CPU.Build.0 = Debug|Any CPU
		{C0D946F6-3BDA-40BC-AE7F-B88A6745F822}.Release|Any CPU.ActiveCfg = Release|Any CPU
		{C0D946F6-3BDA-40BC-AE7F-B88A6745F822}.Release|Any CPU.Build.0 = Release|Any CPU
	EndGlobalSection
	GlobalSection(SolutionProperties) = preSolution
		HideSolutionNode = FALSE
	EndGlobalSection
	GlobalSection(ExtensibilityGlobals) = postSolution
		SolutionGuid = {21EBB472-78AB-483C-8764-02147AA99EB1}
	EndGlobalSection
EndGlobal
